
Microsoft Visual Studio Solution File, Format Version 12.00
# Visual Studio 15
VisualStudioVersion = 15.0.27004.2009
MinimumVisualStudioVersion = 10.0.40219.1
Project("{FAE04EC0-301F-11D3-BF4B-00C04F79EFBC}") = "ColorWar", "ColorWar\ColorWar.csproj", "{D00C59DB-58CE-4BC2-B978-2955E91B5D3A}"
EndProject
Global
	GlobalSection(SolutionConfigurationPlatforms) = preSolution
		Debug|Any CPU = Debug|Any CPU
		Release|Any CPU = Release|Any CPU
	EndGlobalSection
	GlobalSection(ProjectConfigurationPlatforms) = postSolution
		{D00C59DB-58CE-4BC2-B978-2955E91B5D3A}.Debug|Any CPU.ActiveCfg = Debug|Any CPU
		{D00C59DB-58CE-4BC2-B978-2955E91B5D3A}.Debug|Any CPU.Build.0 = Debug|Any CPU
		{D00C59DB-58CE-4BC2-B978-2955E91B5D3A}.Release|Any CPU.ActiveCfg = Release|Any CPU
		{D00C59DB-58CE-4BC2-B978-2955E91B5D3A}.Release|Any CPU.Build.0 = Release|Any CPU
	EndGlobalSection
	GlobalSection(SolutionProperties) = preSolution
		HideSolutionNode = FALSE
	EndGlobalSection
	GlobalSection(ExtensibilityGlobals) = postSolution
		SolutionGuid = {7A0FF145-A969-4658-B803-4CDC7A826D62}
	EndGlobalSection
EndGlobal
